{
    "_meta": {
        "hash": {
            "sha256": "8a5fbc30a36b45adb3c32e6079b90a1511c6dace7ad057d1ba208394127d2f3b"
        },
        "pipfile-spec": 6,
        "requires": {
            "python_version": "3.8"
        },
        "sources": [
            {
                "name": "pypi",
                "url": "https://pypi.org/simple",
                "verify_ssl": true
            }
        ]
    },
    "default": {
        "fsspec": {
            "hashes": [
                "sha256:0ca23992f425c1ba61bf11d3cb3af8ad5363be8612e26732b520090556f173f2",
                "sha256:2cdaafb51dd71e062afffcabcbc4925acef95f9bdd8d822d2010e4bf92951bd7"
            ],
            "index": "pypi",
            "version": "==2021.6.1"
        }
    },
    "develop": {}
}
